PODS:
  - CocoaLumberjack (3.0.0):
    - CocoaLumberjack/Default (= 3.0.0)
    - CocoaLumberjack/Extensions (= 3.0.0)
  - CocoaLumberjack/Core (3.0.0)
  - CocoaLumberjack/Default (3.0.0):
    - CocoaLumberjack/Core
  - CocoaLumberjack/Extensions (3.0.0):
    - CocoaLumberjack/Default
  - DSBaseViewController (1.5.1)

DEPENDENCIES:
  - CocoaLumberjack
  - DSBaseViewController (from `../`)

SPEC REPOS:
  https://github.com/CocoaPods/Specs.git:
    - CocoaLumberjack

EXTERNAL SOURCES:
  DSBaseViewController:
    :path: "../"

SPEC CHECKSUMS:
  CocoaLumberjack: c823149bccc5519a9447aeb433be7b1212a7d6a5
  DSBaseViewController: bf810157e61285355e2f91ee657ffa6574214f6c

PODFILE CHECKSUM: ad1806b918e2a64f28222279a05808930bca86e1

COCOAPODS: 1.9.1
