PODS:
  - CocoaLumberjack (3.0.0):
    - CocoaLumberjack/Default (= 3.0.0)
    - CocoaLumberjack/Extensions (= 3.0.0)
  - CocoaLumberjack/Core (3.0.0)
  - CocoaLumberjack/Default (3.0.0):
    - CocoaLumberjack/Core
  - CocoaLumberjack/Extensions (3.0.0):
    - CocoaLumberjack/Default
  - DSBaseViewController (1.5.0)

DEPENDENCIES:
  - CocoaLumberjack
  - DSBaseViewController (from `../`)

SPEC REPOS:
  https://github.com/cocoapods/specs.git:
    - CocoaLumberjack

EXTERNAL SOURCES:
  DSBaseViewController:
    :path: "../"

SPEC CHECKSUMS:
  CocoaLumberjack: c823149bccc5519a9447aeb433be7b1212a7d6a5
  DSBaseViewController: 6c550d519c907ccbdad35761ae7fd3a2845f44cd

PODFILE CHECKSUM: 52e4d485d628fc7a0916d46361dca75ba11a239a

COCOAPODS: 1.7.5
