PODS:
  - CocoaLumberjack (3.0.0):
    - CocoaLumberjack/Default (= 3.0.0)
    - CocoaLumberjack/Extensions (= 3.0.0)
  - CocoaLumberjack/Core (3.0.0)
  - CocoaLumberjack/Default (3.0.0):
    - CocoaLumberjack/Core
  - CocoaLumberjack/Extensions (3.0.0):
    - CocoaLumberjack/Default
  - DSBaseViewController (1.3.0)

DEPENDENCIES:
  - CocoaLumberjack
  - DSBaseViewController (from `../`)

EXTERNAL SOURCES:
  DSBaseViewController:
    :path: "../"

SPEC CHECKSUMS:
  CocoaLumberjack: c823149bccc5519a9447aeb433be7b1212a7d6a5
  DSBaseViewController: 17a2860c35e97faa0b97c3aeb736786d8f7ab197

PODFILE CHECKSUM: d2e3bd716f31a405e2f393a18016706c118b7605

COCOAPODS: 1.2.1
